{
    "name": "15_piping-and-redirections-of-data-stream",
    "lockfileVersion": 3,
    "requires": true,
    "packages": {
        "": {
            "dependencies": {
                "ehsanansari": "^1.0.1"
            }
        },
        "node_modules/ehsanansari": {
            "version": "1.0.1",
            "resolved": "https://registry.npmjs.org/ehsanansari/-/ehsanansari-1.0.1.tgz",
            "integrity": "sha512-CuVl6w0TV5Y8+7exw9s4IsPfTjsWlkOQE4SM1/wWgrYS47Mzw+untqC8gUG4aGXSVWkb10YuUy8mPrEitrEi+A=="
        }
    }
}
